
Microsoft Visual Studio Solution File, Format Version 12.00
# Visual Studio 15
VisualStudioVersion = 15.0.28307.106
MinimumVisualStudioVersion = 10.0.40219.1
Project("{FAE04EC0-301F-11D3-BF4B-00C04F79EFBC}") = "GrandCircus_Lab21-26_CoffeeShop", "GrandCircus_Lab21-26_CoffeeShop\GrandCircus_Lab21-26_CoffeeShop.csproj", "{08647166-0DE3-4B10-AFB0-5D575283F882}"
EndProject
Global
	GlobalSection(SolutionConfigurationPlatforms) = preSolution
		Debug|Any CPU = Debug|Any CPU
		Release|Any CPU = Release|Any CPU
	EndGlobalSection
	GlobalSection(ProjectConfigurationPlatforms) = postSolution
		{08647166-0DE3-4B10-AFB0-5D575283F882}.Debug|Any CPU.ActiveCfg = Debug|Any CPU
		{08647166-0DE3-4B10-AFB0-5D575283F882}.Debug|Any CPU.Build.0 = Debug|Any CPU
		{08647166-0DE3-4B10-AFB0-5D575283F882}.Release|Any CPU.ActiveCfg = Release|Any CPU
		{08647166-0DE3-4B10-AFB0-5D575283F882}.Release|Any CPU.Build.0 = Release|Any CPU
	EndGlobalSection
	GlobalSection(SolutionProperties) = preSolution
		HideSolutionNode = FALSE
	EndGlobalSection
	GlobalSection(ExtensibilityGlobals) = postSolution
		SolutionGuid = {3585EAC1-35E5-4066-AD1C-5E7328732E70}
	EndGlobalSection
EndGlobal
